
Microsoft Visual Studio Solution File, Format Version 12.00
# Visual Studio Version 17
VisualStudioVersion = 17.11.35327.3
MinimumVisualStudioVersion = 10.0.40219.1
Project("{FAE04EC0-301F-11D3-BF4B-00C04F79EFBC}") = "AjaxProjectExample", "AjaxProjectExample\AjaxProjectExample.csproj", "{7C5879F7-7F48-439B-ABCB-F1B3B692888D}"
EndProject
Global
	GlobalSection(SolutionConfigurationPlatforms) = preSolution
		Debug|Any CPU = Debug|Any CPU
		Release|Any CPU = Release|Any CPU
	EndGlobalSection
	GlobalSection(ProjectConfigurationPlatforms) = postSolution
		{7C5879F7-7F48-439B-ABCB-F1B3B692888D}.Debug|Any CPU.ActiveCfg = Debug|Any CPU
		{7C5879F7-7F48-439B-ABCB-F1B3B692888D}.Debug|Any CPU.Build.0 = Debug|Any CPU
		{7C5879F7-7F48-439B-ABCB-F1B3B692888D}.Release|Any CPU.ActiveCfg = Release|Any CPU
		{7C5879F7-7F48-439B-ABCB-F1B3B692888D}.Release|Any CPU.Build.0 = Release|Any CPU
	EndGlobalSection
	GlobalSection(SolutionProperties) = preSolution
		HideSolutionNode = FALSE
	EndGlobalSection
	GlobalSection(ExtensibilityGlobals) = postSolution
		SolutionGuid = {67199305-82BA-4F20-A2A2-ECCDCB96D80D}
	EndGlobalSection
EndGlobal
